
Microsoft Visual Studio Solution File, Format Version 12.00
# Visual Studio Version 16
VisualStudioVersion = 16.0.31729.503
MinimumVisualStudioVersion = 10.0.40219.1
Project("{FAE04EC0-301F-11D3-BF4B-00C04F79EFBC}") = "Lab_3_2", "Lab_3_2\Lab_3_2.csproj", "{5540BA83-8C87-42C2-BE2A-E2D0A30EC43A}"
EndProject
Global
	GlobalSection(SolutionConfigurationPlatforms) = preSolution
		Debug|Any CPU = Debug|Any CPU
		Release|Any CPU = Release|Any CPU
	EndGlobalSection
	GlobalSection(ProjectConfigurationPlatforms) = postSolution
		{5540BA83-8C87-42C2-BE2A-E2D0A30EC43A}.Debug|Any CPU.ActiveCfg = Debug|Any CPU
		{5540BA83-8C87-42C2-BE2A-E2D0A30EC43A}.Debug|Any CPU.Build.0 = Debug|Any CPU
		{5540BA83-8C87-42C2-BE2A-E2D0A30EC43A}.Release|Any CPU.ActiveCfg = Release|Any CPU
		{5540BA83-8C87-42C2-BE2A-E2D0A30EC43A}.Release|Any CPU.Build.0 = Release|Any CPU
	EndGlobalSection
	GlobalSection(SolutionProperties) = preSolution
		HideSolutionNode = FALSE
	EndGlobalSection
	GlobalSection(ExtensibilityGlobals) = postSolution
		SolutionGuid = {92694684-DC99-42AA-A85A-B8ECF50C10D2}
	EndGlobalSection
EndGlobal
